
Microsoft Visual Studio Solution File, Format Version 12.00
# Visual Studio Version 17
VisualStudioVersion = 17.3.32922.545
MinimumVisualStudioVersion = 10.0.40219.1
Project("{FAE04EC0-301F-11D3-BF4B-00C04F79EFBC}") = "Blog.Web", "Blog.Web\Blog.Web.csproj", "{B89B2D50-9413-4701-8C98-39024C0BE809}"
EndProject
Global
	GlobalSection(SolutionConfigurationPlatforms) = preSolution
		Debug|Any CPU = Debug|Any CPU
		Release|Any CPU = Release|Any CPU
	EndGlobalSection
	GlobalSection(ProjectConfigurationPlatforms) = postSolution
		{B89B2D50-9413-4701-8C98-39024C0BE809}.Debug|Any CPU.ActiveCfg = Debug|Any CPU
		{B89B2D50-9413-4701-8C98-39024C0BE809}.Debug|Any CPU.Build.0 = Debug|Any CPU
		{B89B2D50-9413-4701-8C98-39024C0BE809}.Release|Any CPU.ActiveCfg = Release|Any CPU
		{B89B2D50-9413-4701-8C98-39024C0BE809}.Release|Any CPU.Build.0 = Release|Any CPU
	EndGlobalSection
	GlobalSection(SolutionProperties) = preSolution
		HideSolutionNode = FALSE
	EndGlobalSection
	GlobalSection(ExtensibilityGlobals) = postSolution
		SolutionGuid = {A6630E51-723A-4D16-9F91-1D74546FFF59}
	EndGlobalSection
EndGlobal
